
Microsoft Visual Studio Solution File, Format Version 12.00
# Visual Studio 15
Project("{FAE04EC0-301F-11D3-BF4B-00C04F79EFBC}") = "Assignment3.Plugins", "Assignment3.Plugins.csproj", "{756E0C24-B269-7A31-C767-096BBDFAA873}"
EndProject
Project("{FAE04EC0-301F-11D3-BF4B-00C04F79EFBC}") = "Assignment3.Editor.Plugins", "Assignment3.Editor.Plugins.csproj", "{F18A97FD-C0ED-B3B1-2632-0E9AD8D32139}"
EndProject
Global
	GlobalSection(SolutionConfigurationPlatforms) = preSolution
		Debug|Any CPU = Debug|Any CPU
		Release|Any CPU = Release|Any CPU
	EndGlobalSection
	GlobalSection(ProjectConfigurationPlatforms) = postSolution
		{756E0C24-B269-7A31-C767-096BBDFAA873}.Debug|Any CPU.ActiveCfg = Debug|Any CPU
		{756E0C24-B269-7A31-C767-096BBDFAA873}.Debug|Any CPU.Build.0 = Debug|Any CPU
		{756E0C24-B269-7A31-C767-096BBDFAA873}.Release|Any CPU.ActiveCfg = Release|Any CPU
		{756E0C24-B269-7A31-C767-096BBDFAA873}.Release|Any CPU.Build.0 = Release|Any CPU
		{F18A97FD-C0ED-B3B1-2632-0E9AD8D32139}.Debug|Any CPU.ActiveCfg = Debug|Any CPU
		{F18A97FD-C0ED-B3B1-2632-0E9AD8D32139}.Debug|Any CPU.Build.0 = Debug|Any CPU
		{F18A97FD-C0ED-B3B1-2632-0E9AD8D32139}.Release|Any CPU.ActiveCfg = Release|Any CPU
		{F18A97FD-C0ED-B3B1-2632-0E9AD8D32139}.Release|Any CPU.Build.0 = Release|Any CPU
	EndGlobalSection
	GlobalSection(SolutionProperties) = preSolution
		HideSolutionNode = FALSE
	EndGlobalSection
EndGlobal
